
Microsoft Visual Studio Solution File, Format Version 12.00
# Visual Studio Version 17
VisualStudioVersion = 17.0.32112.339
MinimumVisualStudioVersion = 10.0.40219.1
Project("{9A19103F-16F7-4668-BE54-9A1E7A4F7556}") = "BarberStore.Web", "BarberStore.Web\BarberStore.Web.csproj", "{3732674A-8395-42B8-8E85-14D058B76F93}"
EndProject
Project("{9A19103F-16F7-4668-BE54-9A1E7A4F7556}") = "BarberStore.Core", "BarberStore.Core\BarberStore.Core.csproj", "{BE4AC18A-E1D3-45DA-9B5D-B2A758460CEF}"
EndProject
Project("{9A19103F-16F7-4668-BE54-9A1E7A4F7556}") = "BarberStore.Infrastructure", "BarberStore.Data\BarberStore.Infrastructure.csproj", "{D3994BB9-AD66-4567-BE6F-7995D759073D}"
EndProject
Global
	GlobalSection(SolutionConfigurationPlatforms) = preSolution
		Debug|Any CPU = Debug|Any CPU
		Release|Any CPU = Release|Any CPU
	EndGlobalSection
	GlobalSection(ProjectConfigurationPlatforms) = postSolution
		{3732674A-8395-42B8-8E85-14D058B76F93}.Debug|Any CPU.ActiveCfg = Debug|Any CPU
		{3732674A-8395-42B8-8E85-14D058B76F93}.Debug|Any CPU.Build.0 = Debug|Any CPU
		{3732674A-8395-42B8-8E85-14D058B76F93}.Release|Any CPU.ActiveCfg = Release|Any CPU
		{3732674A-8395-42B8-8E85-14D058B76F93}.Release|Any CPU.Build.0 = Release|Any CPU
		{BE4AC18A-E1D3-45DA-9B5D-B2A758460CEF}.Debug|Any CPU.ActiveCfg = Debug|Any CPU
		{BE4AC18A-E1D3-45DA-9B5D-B2A758460CEF}.Debug|Any CPU.Build.0 = Debug|Any CPU
		{BE4AC18A-E1D3-45DA-9B5D-B2A758460CEF}.Release|Any CPU.ActiveCfg = Release|Any CPU
		{BE4AC18A-E1D3-45DA-9B5D-B2A758460CEF}.Release|Any CPU.Build.0 = Release|Any CPU
		{D3994BB9-AD66-4567-BE6F-7995D759073D}.Debug|Any CPU.ActiveCfg = Debug|Any CPU
		{D3994BB9-AD66-4567-BE6F-7995D759073D}.Debug|Any CPU.Build.0 = Debug|Any CPU
		{D3994BB9-AD66-4567-BE6F-7995D759073D}.Release|Any CPU.ActiveCfg = Release|Any CPU
		{D3994BB9-AD66-4567-BE6F-7995D759073D}.Release|Any CPU.Build.0 = Release|Any CPU
	EndGlobalSection
	GlobalSection(SolutionProperties) = preSolution
		HideSolutionNode = FALSE
	EndGlobalSection
	GlobalSection(ExtensibilityGlobals) = postSolution
		SolutionGuid = {4F118607-09B0-4AF5-B887-867AB8D72D53}
	EndGlobalSection
EndGlobal
